
Microsoft Visual Studio Solution File, Format Version 12.00
# Visual Studio Version 17
VisualStudioVersion = 17.3.32811.315
MinimumVisualStudioVersion = 10.0.40219.1
Project("{FAE04EC0-301F-11D3-BF4B-00C04F79EFBC}") = "Lista6PR2", "Lista6PR2.\Lista6PR2.csproj", "{32FD941E-F175-41AC-B0A7-D07147EFC8FB}"
EndProject
Global
	GlobalSection(SolutionConfigurationPlatforms) = preSolution
		Debug|Any CPU = Debug|Any CPU
		Release|Any CPU = Release|Any CPU
	EndGlobalSection
	GlobalSection(ProjectConfigurationPlatforms) = postSolution
		{32FD941E-F175-41AC-B0A7-D07147EFC8FB}.Debug|Any CPU.ActiveCfg = Debug|Any CPU
		{32FD941E-F175-41AC-B0A7-D07147EFC8FB}.Debug|Any CPU.Build.0 = Debug|Any CPU
		{32FD941E-F175-41AC-B0A7-D07147EFC8FB}.Release|Any CPU.ActiveCfg = Release|Any CPU
		{32FD941E-F175-41AC-B0A7-D07147EFC8FB}.Release|Any CPU.Build.0 = Release|Any CPU
	EndGlobalSection
	GlobalSection(SolutionProperties) = preSolution
		HideSolutionNode = FALSE
	EndGlobalSection
	GlobalSection(ExtensibilityGlobals) = postSolution
		SolutionGuid = {5E1E0F27-D4CD-4CE5-AB43-C5CDC60093B2}
	EndGlobalSection
EndGlobal
